{
  "name": "wulechuan-html-canvas-points-and-connections",
  "version": "2.0.0",
  "lockfileVersion": 1,
  "dependencies": {
    "@wulechuan/apply-one-stage-one-method-pattern": {
      "version": "1.0.5",
      "resolved": "https://registry.npmjs.org/@wulechuan/apply-one-stage-one-method-pattern/-/apply-one-stage-one-method-pattern-1.0.5.tgz",
      "integrity": "sha512-+ZmXdK2YFi6klibDy+n3TxVjWnXOPM2MVIwgLnbw6nCCsBkcDPH6Pgoah8TC+I3BxoMVCwLsqrvEhQUfKOZ/9w=="
    }
  }
}
